DEPENDENCIES
  envbuilder
    git: git://github.com/theodi/chef-envbuilder.git
    revision: 27252c8b85be41067ce364d62f9779855c5108b0
  odi-monitoring
    git: https://github.com/theodi/chef-odi-monitoring.git
    revision: a604cfeff46356effcabe90143513a90b2a25bac
  odi-nginx
    git: git://github.com/theodi/odi-chef.git
    revision: b724aa80bd4b166d3bd8e8216e8bc54059ac8461
    rel: site-cookbooks/odi-nginx
  odi-rummager-node
    path: .
    metadata: true
  odi-users
    git: git://github.com/theodi/odi-chef.git
    revision: b724aa80bd4b166d3bd8e8216e8bc54059ac8461
    rel: site-cookbooks/odi-users
  rvm
    git: git://github.com/fnichol/chef-rvm.git
    revision: dd58087e7399097a9b9df4e2e7235908aace2afd
  serverdensity
    git: https://github.com/serverdensity/chef-serverdensity.git
    revision: 5d1f81c8d14074dbdf8fc3eaee3f238acc22f693

GRAPH
  apt (2.3.10)
  chef_gem (0.1.0)
  dpkg_autostart (0.1.10)
  envbuilder (0.2.0)
  java (1.22.0)
  odi-monitoring (0.1.0)
    serverdensity (>= 0.0.0)
  odi-nginx (0.4.0)
  odi-rummager-node (0.1.0)
    envbuilder (>= 0.0.0)
    odi-monitoring (>= 0.0.0)
    odi-nginx (>= 0.0.0)
    odi-users (>= 0.0.0)
    rvm (>= 0.0.0)
  odi-users (0.2.0)
  rvm (0.9.2)
    chef_gem (>= 0.0.0)
    java (>= 0.0.0)
  serverdensity (2.0.0)
    apt (>= 0.0.0)
    dpkg_autostart (~> 0.1.6)
    yum (>= 0.0.0)
  yum (3.2.0)
