DEPENDENCIES
  odi-monitoring
    git: https://github.com/theodi/chef-odi-monitoring.git
    revision: a604cfeff46356effcabe90143513a90b2a25bac
  odi-rummager-node
    path: .
    metadata: true
  serverdensity
    git: https://github.com/serverdensity/chef-serverdensity.git
    revision: 5d1f81c8d14074dbdf8fc3eaee3f238acc22f693

GRAPH
  apt (2.3.10)
  dpkg_autostart (0.1.10)
  odi-monitoring (0.1.0)
    serverdensity (>= 0.0.0)
  odi-rummager-node (0.1.0)
    odi-monitoring (>= 0.0.0)
  serverdensity (2.0.0)
    apt (>= 0.0.0)
    dpkg_autostart (~> 0.1.6)
    yum (>= 0.0.0)
  yum (3.2.0)
